
Microsoft Visual Studio Solution File, Format Version 12.00
# Visual Studio 15
VisualStudioVersion = 15.0.28307.329
MinimumVisualStudioVersion = 10.0.40219.1
Project("{FAE04EC0-301F-11D3-BF4B-00C04F79EFBC}") = "Task 3", "Task 3\Task 3.csproj", "{912F860F-4F3F-4C40-89B8-8B033C2FA67A}"
EndProject
Global
	GlobalSection(SolutionConfigurationPlatforms) = preSolution
		Debug|Any CPU = Debug|Any CPU
		Release|Any CPU = Release|Any CPU
	EndGlobalSection
	GlobalSection(ProjectConfigurationPlatforms) = postSolution
		{912F860F-4F3F-4C40-89B8-8B033C2FA67A}.Debug|Any CPU.ActiveCfg = Debug|Any CPU
		{912F860F-4F3F-4C40-89B8-8B033C2FA67A}.Debug|Any CPU.Build.0 = Debug|Any CPU
		{912F860F-4F3F-4C40-89B8-8B033C2FA67A}.Release|Any CPU.ActiveCfg = Release|Any CPU
		{912F860F-4F3F-4C40-89B8-8B033C2FA67A}.Release|Any CPU.Build.0 = Release|Any CPU
	EndGlobalSection
	GlobalSection(SolutionProperties) = preSolution
		HideSolutionNode = FALSE
	EndGlobalSection
	GlobalSection(ExtensibilityGlobals) = postSolution
		SolutionGuid = {A665C4DB-AF9B-47BF-A040-46D374F9B21E}
	EndGlobalSection
EndGlobal
