
Microsoft Visual Studio Solution File, Format Version 12.00
# Visual Studio 15
VisualStudioVersion = 15.0.27703.2026
MinimumVisualStudioVersion = 10.0.40219.1
Project("{FAE04EC0-301F-11D3-BF4B-00C04F79EFBC}") = "task7", "task7\task7.csproj", "{F085382B-605C-428E-BE37-4F55EEEB26D3}"
EndProject
Global
	GlobalSection(SolutionConfigurationPlatforms) = preSolution
		Debug|Any CPU = Debug|Any CPU
		Release|Any CPU = Release|Any CPU
	EndGlobalSection
	GlobalSection(ProjectConfigurationPlatforms) = postSolution
		{F085382B-605C-428E-BE37-4F55EEEB26D3}.Debug|Any CPU.ActiveCfg = Debug|Any CPU
		{F085382B-605C-428E-BE37-4F55EEEB26D3}.Debug|Any CPU.Build.0 = Debug|Any CPU
		{F085382B-605C-428E-BE37-4F55EEEB26D3}.Release|Any CPU.ActiveCfg = Release|Any CPU
		{F085382B-605C-428E-BE37-4F55EEEB26D3}.Release|Any CPU.Build.0 = Release|Any CPU
	EndGlobalSection
	GlobalSection(SolutionProperties) = preSolution
		HideSolutionNode = FALSE
	EndGlobalSection
	GlobalSection(ExtensibilityGlobals) = postSolution
		SolutionGuid = {FBF32F07-2807-496B-BF86-3AEE8A34BD4B}
	EndGlobalSection
EndGlobal
