
Microsoft Visual Studio Solution File, Format Version 12.00
# Visual Studio 15
VisualStudioVersion = 15.0.28307.329
MinimumVisualStudioVersion = 10.0.40219.1
Project("{FAE04EC0-301F-11D3-BF4B-00C04F79EFBC}") = "Task 5", "Task 5\Task 5.csproj", "{B15BD095-63CE-430A-8BF3-91CD893D730E}"
EndProject
Global
	GlobalSection(SolutionConfigurationPlatforms) = preSolution
		Debug|Any CPU = Debug|Any CPU
		Release|Any CPU = Release|Any CPU
	EndGlobalSection
	GlobalSection(ProjectConfigurationPlatforms) = postSolution
		{B15BD095-63CE-430A-8BF3-91CD893D730E}.Debug|Any CPU.ActiveCfg = Debug|Any CPU
		{B15BD095-63CE-430A-8BF3-91CD893D730E}.Debug|Any CPU.Build.0 = Debug|Any CPU
		{B15BD095-63CE-430A-8BF3-91CD893D730E}.Release|Any CPU.ActiveCfg = Release|Any CPU
		{B15BD095-63CE-430A-8BF3-91CD893D730E}.Release|Any CPU.Build.0 = Release|Any CPU
	EndGlobalSection
	GlobalSection(SolutionProperties) = preSolution
		HideSolutionNode = FALSE
	EndGlobalSection
	GlobalSection(ExtensibilityGlobals) = postSolution
		SolutionGuid = {E222DB64-70B4-404B-80DA-0CCBC53CCBC7}
	EndGlobalSection
EndGlobal
