
Microsoft Visual Studio Solution File, Format Version 12.00
# Visual Studio 15
VisualStudioVersion = 15.0.27703.2026
MinimumVisualStudioVersion = 10.0.40219.1
Project("{FAE04EC0-301F-11D3-BF4B-00C04F79EFBC}") = "task8", "task8\task8.csproj", "{4EEA0910-888C-48DB-A580-9161B5CE5155}"
EndProject
Global
	GlobalSection(SolutionConfigurationPlatforms) = preSolution
		Debug|Any CPU = Debug|Any CPU
		Release|Any CPU = Release|Any CPU
	EndGlobalSection
	GlobalSection(ProjectConfigurationPlatforms) = postSolution
		{4EEA0910-888C-48DB-A580-9161B5CE5155}.Debug|Any CPU.ActiveCfg = Debug|Any CPU
		{4EEA0910-888C-48DB-A580-9161B5CE5155}.Debug|Any CPU.Build.0 = Debug|Any CPU
		{4EEA0910-888C-48DB-A580-9161B5CE5155}.Release|Any CPU.ActiveCfg = Release|Any CPU
		{4EEA0910-888C-48DB-A580-9161B5CE5155}.Release|Any CPU.Build.0 = Release|Any CPU
	EndGlobalSection
	GlobalSection(SolutionProperties) = preSolution
		HideSolutionNode = FALSE
	EndGlobalSection
	GlobalSection(ExtensibilityGlobals) = postSolution
		SolutionGuid = {AEA0AB4B-406D-4D25-BBF2-20CCDD531AE6}
	EndGlobalSection
EndGlobal
