
Microsoft Visual Studio Solution File, Format Version 12.00
# Visual Studio 15
VisualStudioVersion = 15.0.27703.2026
MinimumVisualStudioVersion = 10.0.40219.1
Project("{FAE04EC0-301F-11D3-BF4B-00C04F79EFBC}") = "Task 2", "Task 2\Task 2.csproj", "{8B3691B4-52A1-4DF9-9E98-EC9B7A7FDEBD}"
EndProject
Global
	GlobalSection(SolutionConfigurationPlatforms) = preSolution
		Debug|Any CPU = Debug|Any CPU
		Release|Any CPU = Release|Any CPU
	EndGlobalSection
	GlobalSection(ProjectConfigurationPlatforms) = postSolution
		{8B3691B4-52A1-4DF9-9E98-EC9B7A7FDEBD}.Debug|Any CPU.ActiveCfg = Debug|Any CPU
		{8B3691B4-52A1-4DF9-9E98-EC9B7A7FDEBD}.Debug|Any CPU.Build.0 = Debug|Any CPU
		{8B3691B4-52A1-4DF9-9E98-EC9B7A7FDEBD}.Release|Any CPU.ActiveCfg = Release|Any CPU
		{8B3691B4-52A1-4DF9-9E98-EC9B7A7FDEBD}.Release|Any CPU.Build.0 = Release|Any CPU
	EndGlobalSection
	GlobalSection(SolutionProperties) = preSolution
		HideSolutionNode = FALSE
	EndGlobalSection
	GlobalSection(ExtensibilityGlobals) = postSolution
		SolutionGuid = {D98F188B-BFCA-45A9-9125-FC9F8DC55426}
	EndGlobalSection
EndGlobal
